
Microsoft Visual Studio Solution File, Format Version 12.00
# Visual Studio Version 17
VisualStudioVersion = 17.6.33626.354
MinimumVisualStudioVersion = 10.0.40219.1
Project("{9A19103F-16F7-4668-BE54-9A1E7A4F7556}") = "BulkyBookWeb", "BulkyWeb\BulkyBookWeb.csproj", "{26B8AF7E-471C-4D3B-A658-038A9687E004}"
EndProject
Project("{FAE04EC0-301F-11D3-BF4B-00C04F79EFBC}") = "BulkyBook.DataAccess", "Bulky.DataAccess\BulkyBook.DataAccess.csproj", "{501A6FFA-B03A-4974-AC6F-A74C9101C8B9}"
EndProject
Project("{FAE04EC0-301F-11D3-BF4B-00C04F79EFBC}") = "BulkyBook.Models", "Bulky.Models\BulkyBook.Models.csproj", "{49F32D84-EBD6-44C1-ADDD-894050D73FE9}"
EndProject
Project("{FAE04EC0-301F-11D3-BF4B-00C04F79EFBC}") = "BulkyBook.Utility", "Bulky.Utility\BulkyBook.Utility.csproj", "{6EDCFE55-7A72-40F3-97B0-18135F712FF7}"
EndProject
Global
	GlobalSection(SolutionConfigurationPlatforms) = preSolution
		Debug|Any CPU = Debug|Any CPU
		Release|Any CPU = Release|Any CPU
	EndGlobalSection
	GlobalSection(ProjectConfigurationPlatforms) = postSolution
		{26B8AF7E-471C-4D3B-A658-038A9687E004}.Debug|Any CPU.ActiveCfg = Debug|Any CPU
		{26B8AF7E-471C-4D3B-A658-038A9687E004}.Debug|Any CPU.Build.0 = Debug|Any CPU
		{26B8AF7E-471C-4D3B-A658-038A9687E004}.Release|Any CPU.ActiveCfg = Release|Any CPU
		{26B8AF7E-471C-4D3B-A658-038A9687E004}.Release|Any CPU.Build.0 = Release|Any CPU
		{501A6FFA-B03A-4974-AC6F-A74C9101C8B9}.Debug|Any CPU.ActiveCfg = Debug|Any CPU
		{501A6FFA-B03A-4974-AC6F-A74C9101C8B9}.Debug|Any CPU.Build.0 = Debug|Any CPU
		{501A6FFA-B03A-4974-AC6F-A74C9101C8B9}.Release|Any CPU.ActiveCfg = Release|Any CPU
		{501A6FFA-B03A-4974-AC6F-A74C9101C8B9}.Release|Any CPU.Build.0 = Release|Any CPU
		{49F32D84-EBD6-44C1-ADDD-894050D73FE9}.Debug|Any CPU.ActiveCfg = Debug|Any CPU
		{49F32D84-EBD6-44C1-ADDD-894050D73FE9}.Debug|Any CPU.Build.0 = Debug|Any CPU
		{49F32D84-EBD6-44C1-ADDD-894050D73FE9}.Release|Any CPU.ActiveCfg = Release|Any CPU
		{49F32D84-EBD6-44C1-ADDD-894050D73FE9}.Release|Any CPU.Build.0 = Release|Any CPU
		{6EDCFE55-7A72-40F3-97B0-18135F712FF7}.Debug|Any CPU.ActiveCfg = Debug|Any CPU
		{6EDCFE55-7A72-40F3-97B0-18135F712FF7}.Debug|Any CPU.Build.0 = Debug|Any CPU
		{6EDCFE55-7A72-40F3-97B0-18135F712FF7}.Release|Any CPU.ActiveCfg = Release|Any CPU
		{6EDCFE55-7A72-40F3-97B0-18135F712FF7}.Release|Any CPU.Build.0 = Release|Any CPU
	EndGlobalSection
	GlobalSection(SolutionProperties) = preSolution
		HideSolutionNode = FALSE
	EndGlobalSection
	GlobalSection(ExtensibilityGlobals) = postSolution
		SolutionGuid = {7777FB8F-0C52-4CEA-94AB-7EBC2E8A9863}
	EndGlobalSection
EndGlobal
